
Microsoft Visual Studio Solution File, Format Version 12.00
# Visual Studio Version 16
VisualStudioVersion = 16.0.31729.503
MinimumVisualStudioVersion = 10.0.40219.1
Project("{FAE04EC0-301F-11D3-BF4B-00C04F79EFBC}") = "WpfApp32", "WpfApp32.csproj", "{EFD03A9C-1679-4F32-8CF9-82BBB8239BB7}"
EndProject
Global
	GlobalSection(SolutionConfigurationPlatforms) = preSolution
		Debug|Any CPU = Debug|Any CPU
		Release|Any CPU = Release|Any CPU
	EndGlobalSection
	GlobalSection(ProjectConfigurationPlatforms) = postSolution
		{EFD03A9C-1679-4F32-8CF9-82BBB8239BB7}.Debug|Any CPU.ActiveCfg = Debug|Any CPU
		{EFD03A9C-1679-4F32-8CF9-82BBB8239BB7}.Debug|Any CPU.Build.0 = Debug|Any CPU
		{EFD03A9C-1679-4F32-8CF9-82BBB8239BB7}.Release|Any CPU.ActiveCfg = Release|Any CPU
		{EFD03A9C-1679-4F32-8CF9-82BBB8239BB7}.Release|Any CPU.Build.0 = Release|Any CPU
	EndGlobalSection
	GlobalSection(SolutionProperties) = preSolution
		HideSolutionNode = FALSE
	EndGlobalSection
	GlobalSection(ExtensibilityGlobals) = postSolution
		SolutionGuid = {D24C513E-80E8-480A-8059-9CAC47ECE3CF}
	EndGlobalSection
EndGlobal
